
Microsoft Visual Studio Solution File, Format Version 12.00
# Visual Studio Version 17
VisualStudioVersion = 17.7.34202.233
MinimumVisualStudioVersion = 10.0.40219.1
Project("{FAE04EC0-301F-11D3-BF4B-00C04F79EFBC}") = "Crypto_Desktop", "Crypto_Desktop\Crypto_Desktop.csproj", "{53AD1C61-40EB-4029-A21B-85A59287D0E9}"
EndProject
Global
	GlobalSection(SolutionConfigurationPlatforms) = preSolution
		Debug|Any CPU = Debug|Any CPU
		Release|Any CPU = Release|Any CPU
	EndGlobalSection
	GlobalSection(ProjectConfigurationPlatforms) = postSolution
		{53AD1C61-40EB-4029-A21B-85A59287D0E9}.Debug|Any CPU.ActiveCfg = Debug|Any CPU
		{53AD1C61-40EB-4029-A21B-85A59287D0E9}.Debug|Any CPU.Build.0 = Debug|Any CPU
		{53AD1C61-40EB-4029-A21B-85A59287D0E9}.Release|Any CPU.ActiveCfg = Release|Any CPU
		{53AD1C61-40EB-4029-A21B-85A59287D0E9}.Release|Any CPU.Build.0 = Release|Any CPU
	EndGlobalSection
	GlobalSection(SolutionProperties) = preSolution
		HideSolutionNode = FALSE
	EndGlobalSection
	GlobalSection(ExtensibilityGlobals) = postSolution
		SolutionGuid = {10C9DC53-889F-40E9-87D2-AB9C79FFB952}
	EndGlobalSection
EndGlobal
